
Microsoft Visual Studio Solution File, Format Version 12.00
# Visual Studio Version 16
VisualStudioVersion = 16.0.35425.106
MinimumVisualStudioVersion = 10.0.40219.1
Project("{8BC9CEB8-8B4A-11D0-8D11-00A0C91BC942}") = "QtConsoleApplication1", "QtConsoleApplication1.vcxproj", "{0A86461C-1C29-407F-A06C-4EFD24A3491E}"
EndProject
Global
	GlobalSection(SolutionConfigurationPlatforms) = preSolution
		Debug|x64 = Debug|x64
		Release|x64 = Release|x64
	EndGlobalSection
	GlobalSection(ProjectConfigurationPlatforms) = postSolution
		{0A86461C-1C29-407F-A06C-4EFD24A3491E}.Debug|x64.ActiveCfg = Debug|x64
		{0A86461C-1C29-407F-A06C-4EFD24A3491E}.Debug|x64.Build.0 = Debug|x64
		{0A86461C-1C29-407F-A06C-4EFD24A3491E}.Release|x64.ActiveCfg = Release|x64
		{0A86461C-1C29-407F-A06C-4EFD24A3491E}.Release|x64.Build.0 = Release|x64
	EndGlobalSection
	GlobalSection(SolutionProperties) = preSolution
		HideSolutionNode = FALSE
	EndGlobalSection
	GlobalSection(ExtensibilityGlobals) = postSolution
		SolutionGuid = {55F9E5E2-4FE1-465E-814E-922B16564FCD}
	EndGlobalSection
EndGlobal
